
Microsoft Visual Studio Solution File, Format Version 12.00
# Visual Studio Version 16
VisualStudioVersion = 16.0.29020.237
MinimumVisualStudioVersion = 10.0.40219.1
Project("{9A19103F-16F7-4668-BE54-9A1E7A4F7556}") = "MonteCarlo", "MonteCarlo\MonteCarlo.csproj", "{17245F0B-EB1A-4192-9620-0DE2FF2005D2}"
EndProject
Project("{FAE04EC0-301F-11D3-BF4B-00C04F79EFBC}") = "MonteCarlo.Test", "MonteCarlo.Test\MonteCarlo.Test.csproj", "{75FCDD21-14A7-4E82-81E9-81BB0AA33E66}"
EndProject
Global
	GlobalSection(SolutionConfigurationPlatforms) = preSolution
		Debug|Any CPU = Debug|Any CPU
		Release|Any CPU = Release|Any CPU
	EndGlobalSection
	GlobalSection(ProjectConfigurationPlatforms) = postSolution
		{17245F0B-EB1A-4192-9620-0DE2FF2005D2}.Debug|Any CPU.ActiveCfg = Debug|Any CPU
		{17245F0B-EB1A-4192-9620-0DE2FF2005D2}.Debug|Any CPU.Build.0 = Debug|Any CPU
		{17245F0B-EB1A-4192-9620-0DE2FF2005D2}.Release|Any CPU.ActiveCfg = Release|Any CPU
		{17245F0B-EB1A-4192-9620-0DE2FF2005D2}.Release|Any CPU.Build.0 = Release|Any CPU
		{75FCDD21-14A7-4E82-81E9-81BB0AA33E66}.Debug|Any CPU.ActiveCfg = Debug|Any CPU
		{75FCDD21-14A7-4E82-81E9-81BB0AA33E66}.Debug|Any CPU.Build.0 = Debug|Any CPU
		{75FCDD21-14A7-4E82-81E9-81BB0AA33E66}.Release|Any CPU.ActiveCfg = Release|Any CPU
		{75FCDD21-14A7-4E82-81E9-81BB0AA33E66}.Release|Any CPU.Build.0 = Release|Any CPU
	EndGlobalSection
	GlobalSection(SolutionProperties) = preSolution
		HideSolutionNode = FALSE
	EndGlobalSection
	GlobalSection(ExtensibilityGlobals) = postSolution
		SolutionGuid = {B8767D32-5A29-4AC1-A449-BDA0DB6B92AE}
	EndGlobalSection
EndGlobal
